
Microsoft Visual Studio Solution File, Format Version 12.00
# Visual Studio Version 16
VisualStudioVersion = 16.0.30907.101
MinimumVisualStudioVersion = 10.0.40219.1
Project("{FAE04EC0-301F-11D3-BF4B-00C04F79EFBC}") = "Calc2", "Calc2\Calc2.csproj", "{9FC4263B-A009-4606-B4AE-1667ED0AE291}"
EndProject
Global
	GlobalSection(SolutionConfigurationPlatforms) = preSolution
		Debug|Any CPU = Debug|Any CPU
		Release|Any CPU = Release|Any CPU
	EndGlobalSection
	GlobalSection(ProjectConfigurationPlatforms) = postSolution
		{9FC4263B-A009-4606-B4AE-1667ED0AE291}.Debug|Any CPU.ActiveCfg = Debug|Any CPU
		{9FC4263B-A009-4606-B4AE-1667ED0AE291}.Debug|Any CPU.Build.0 = Debug|Any CPU
		{9FC4263B-A009-4606-B4AE-1667ED0AE291}.Release|Any CPU.ActiveCfg = Release|Any CPU
		{9FC4263B-A009-4606-B4AE-1667ED0AE291}.Release|Any CPU.Build.0 = Release|Any CPU
	EndGlobalSection
	GlobalSection(SolutionProperties) = preSolution
		HideSolutionNode = FALSE
	EndGlobalSection
	GlobalSection(ExtensibilityGlobals) = postSolution
		SolutionGuid = {12B8C4F1-53D5-4ECF-80C7-F2F7BD9F8550}
	EndGlobalSection
EndGlobal
